
Microsoft Visual Studio Solution File, Format Version 12.00
# Visual Studio Version 17
VisualStudioVersion = 17.4.33110.190
MinimumVisualStudioVersion = 10.0.40219.1
Project("{FAE04EC0-301F-11D3-BF4B-00C04F79EFBC}") = "ConsoleApp3", "ConsoleApp3\ConsoleApp3.csproj", "{787F6763-75F7-4637-9F65-4F526E98B762}"
EndProject
Global
	GlobalSection(SolutionConfigurationPlatforms) = preSolution
		Debug|Any CPU = Debug|Any CPU
		Release|Any CPU = Release|Any CPU
	EndGlobalSection
	GlobalSection(ProjectConfigurationPlatforms) = postSolution
		{787F6763-75F7-4637-9F65-4F526E98B762}.Debug|Any CPU.ActiveCfg = Debug|Any CPU
		{787F6763-75F7-4637-9F65-4F526E98B762}.Debug|Any CPU.Build.0 = Debug|Any CPU
		{787F6763-75F7-4637-9F65-4F526E98B762}.Release|Any CPU.ActiveCfg = Release|Any CPU
		{787F6763-75F7-4637-9F65-4F526E98B762}.Release|Any CPU.Build.0 = Release|Any CPU
	EndGlobalSection
	GlobalSection(SolutionProperties) = preSolution
		HideSolutionNode = FALSE
	EndGlobalSection
	GlobalSection(ExtensibilityGlobals) = postSolution
		SolutionGuid = {9F86E467-8081-46B0-844F-1472F90545F3}
	EndGlobalSection
EndGlobal
